
Microsoft Visual Studio Solution File, Format Version 12.00
# Visual Studio Version 16
VisualStudioVersion = 16.0.29503.13
MinimumVisualStudioVersion = 10.0.40219.1
Project("{FAE04EC0-301F-11D3-BF4B-00C04F79EFBC}") = "VocabularyWebApp", "VocabularyWebApp.csproj", "{088DDBAC-F20D-4272-A5D1-C216A8D15B91}"
EndProject
Project("{FAE04EC0-301F-11D3-BF4B-00C04F79EFBC}") = "VocabularyAppData", "..\VocabularyAppData\VocabularyAppData.csproj", "{5BE4E0E4-FB84-4DF3-B67C-974109532F56}"
EndProject
Global
	GlobalSection(SolutionConfigurationPlatforms) = preSolution
		Debug|Any CPU = Debug|Any CPU
		Release|Any CPU = Release|Any CPU
	EndGlobalSection
	GlobalSection(ProjectConfigurationPlatforms) = postSolution
		{088DDBAC-F20D-4272-A5D1-C216A8D15B91}.Debug|Any CPU.ActiveCfg = Debug|Any CPU
		{088DDBAC-F20D-4272-A5D1-C216A8D15B91}.Debug|Any CPU.Build.0 = Debug|Any CPU
		{088DDBAC-F20D-4272-A5D1-C216A8D15B91}.Release|Any CPU.ActiveCfg = Release|Any CPU
		{088DDBAC-F20D-4272-A5D1-C216A8D15B91}.Release|Any CPU.Build.0 = Release|Any CPU
		{5BE4E0E4-FB84-4DF3-B67C-974109532F56}.Debug|Any CPU.ActiveCfg = Debug|Any CPU
		{5BE4E0E4-FB84-4DF3-B67C-974109532F56}.Debug|Any CPU.Build.0 = Debug|Any CPU
		{5BE4E0E4-FB84-4DF3-B67C-974109532F56}.Release|Any CPU.ActiveCfg = Release|Any CPU
		{5BE4E0E4-FB84-4DF3-B67C-974109532F56}.Release|Any CPU.Build.0 = Release|Any CPU
	EndGlobalSection
	GlobalSection(SolutionProperties) = preSolution
		HideSolutionNode = FALSE
	EndGlobalSection
	GlobalSection(ExtensibilityGlobals) = postSolution
		SolutionGuid = {72D7BB8E-FD8F-44E7-9476-26632D94647A}
	EndGlobalSection
EndGlobal
